// !$*UTF8*$!
{
	archiveVersion = 1;
	classes = {
	};
	objectVersion = 56;
	objects = {

/* Begin PBXBuildFile section */
		3AD9098529CFD3DF009AB517 /* SampleXcodeCloudTestApp.swift in Sources */ = {isa = PBXBuildFile; fileRef = 3AD9098429CFD3DF009AB517 /* SampleXcodeCloudTestApp.swift */; };
		3AD9098929CFD3E0009AB517 /* Assets.xcassets in Resources */ = {isa = PBXBuildFile; fileRef = 3AD9098829CFD3E0009AB517 /* Assets.xcassets */; };
		3AD9098D29CFD3E0009AB517 /* Preview Assets.xcassets in Resources */ = {isa = PBXBuildFile; fileRef = 3AD9098C29CFD3E0009AB517 /* Preview Assets.xcassets */; };
		3AD9099429CFD5F5009AB517 /* NameListView.swift in Sources */ = {isa = PBXBuildFile; fileRef = 3AD9099329CFD5F5009AB517 /* NameListView.swift */; };
		3AD9099929CFD6E3009AB517 /* AppTabBarView.swift in Sources */ = {isa = PBXBuildFile; fileRef = 3AD9099829CFD6E3009AB517 /* AppTabBarView.swift */; };
		3AD9099B29CFD6FA009AB517 /* AppSidebarView.swift in Sources */ = {isa = PBXBuildFile; fileRef = 3AD9099A29CFD6FA009AB517 /* AppSidebarView.swift */; };
		3AD909AD29CFF5C6009AB517 /* iOSUnitTests.swift in Sources */ = {isa = PBXBuildFile; fileRef = 3AD909AC29CFF5C6009AB517 /* iOSUnitTests.swift */; };
		3AD909BA29CFF5D8009AB517 /* macOSUnitTests.swift in Sources */ = {isa = PBXBuildFile; fileRef = 3AD909B929CFF5D8009AB517 /* macOSUnitTests.swift */; };
/* End PBXBuildFile section */

/* Begin PBXContainerItemProxy section */
		3AD909AE29CFF5C6009AB517 /* PBXContainerItemProxy */ = {
			isa = PBXContainerItemProxy;
			containerPortal = 3AD9097929CFD3DF009AB517 /* Project object */;
			proxyType = 1;
			remoteGlobalIDString = 3AD9098029CFD3DF009AB517;
			remoteInfo = SampleXcodeCloudTest;
		};
		3AD909BB29CFF5D8009AB517 /* PBXContainerItemProxy */ = {
			isa = PBXContainerItemProxy;
			containerPortal = 3AD9097929CFD3DF009AB517 /* Project object */;
			proxyType = 1;
			remoteGlobalIDString = 3AD9098029CFD3DF009AB517;
			remoteInfo = SampleXcodeCloudTest;
		};
/* End PBXContainerItemProxy section */

/* Begin PBXFileReference section */
		3AC9298929D0000F00B7F387 /* iOSUnitTest.xctestplan */ = {isa = PBXFileReference; lastKnownFileType = text; path = iOSUnitTest.xctestplan; sourceTree = "<group>"; };
		3AC9298A29D0002000B7F387 /* macOSUnitTest.xctestplan */ = {isa = PBXFileReference; lastKnownFileType = text; path = macOSUnitTest.xctestplan; sourceTree = "<group>"; };
		3AC9298B29D00F5100B7F387 /* Info.plist */ = {isa = PBXFileReference; lastKnownFileType = text.plist.xml; path = Info.plist; sourceTree = "<group>"; };
		3AC9298C29D0A58A00B7F387 /* create_version_bump_pr.sh */ = {isa = PBXFileReference; lastKnownFileType = text.script.sh; path = create_version_bump_pr.sh; sourceTree = "<group>"; };
		3AD9098129CFD3DF009AB517 /* SampleXcodeCloudTest.app */ = {isa = PBXFileReference; explicitFileType = wrapper.application; includeInIndex = 0; path = SampleXcodeCloudTest.app; sourceTree = BUILT_PRODUCTS_DIR; };
		3AD9098429CFD3DF009AB517 /* SampleXcodeCloudTestApp.swift */ = {isa = PBXFileReference; lastKnownFileType = sourcecode.swift; path = SampleXcodeCloudTestApp.swift; sourceTree = "<group>"; };
		3AD9098829CFD3E0009AB517 /* Assets.xcassets */ = {isa = PBXFileReference; lastKnownFileType = folder.assetcatalog; path = Assets.xcassets; sourceTree = "<group>"; };
		3AD9098A29CFD3E0009AB517 /* SampleXcodeCloudTest.entitlements */ = {isa = PBXFileReference; lastKnownFileType = text.plist.entitlements; path = SampleXcodeCloudTest.entitlements; sourceTree = "<group>"; };
		3AD9098C29CFD3E0009AB517 /* Preview Assets.xcassets */ = {isa = PBXFileReference; lastKnownFileType = folder.assetcatalog; path = "Preview Assets.xcassets"; sourceTree = "<group>"; };
		3AD9099329CFD5F5009AB517 /* NameListView.swift */ = {isa = PBXFileReference; lastKnownFileType = sourcecode.swift; path = NameListView.swift; sourceTree = "<group>"; };
		3AD9099829CFD6E3009AB517 /* AppTabBarView.swift */ = {isa = PBXFileReference; lastKnownFileType = sourcecode.swift; path = AppTabBarView.swift; sourceTree = "<group>"; };
		3AD9099A29CFD6FA009AB517 /* AppSidebarView.swift */ = {isa = PBXFileReference; lastKnownFileType = sourcecode.swift; path = AppSidebarView.swift; sourceTree = "<group>"; };
		3AD909A029CFE5D7009AB517 /* ci_post_clone.sh */ = {isa = PBXFileReference; lastKnownFileType = text.script.sh; path = ci_post_clone.sh; sourceTree = "<group>"; };
		3AD909A129CFE5E4009AB517 /* ci_pre_xcodebuild.sh */ = {isa = PBXFileReference; lastKnownFileType = text.script.sh; path = ci_pre_xcodebuild.sh; sourceTree = "<group>"; };
		3AD909A229CFE5EC009AB517 /* ci_post_xcodebuild.sh */ = {isa = PBXFileReference; lastKnownFileType = text.script.sh; path = ci_post_xcodebuild.sh; sourceTree = "<group>"; };
		3AD909A329CFE950009AB517 /* release_version_bump.sh */ = {isa = PBXFileReference; lastKnownFileType = text.script.sh; path = release_version_bump.sh; sourceTree = "<group>"; };
		3AD909AA29CFF5C6009AB517 /* iOSUnitTests.xctest */ = {isa = PBXFileReference; explicitFileType = wrapper.cfbundle; includeInIndex = 0; path = iOSUnitTests.xctest; sourceTree = BUILT_PRODUCTS_DIR; };
		3AD909AC29CFF5C6009AB517 /* iOSUnitTests.swift */ = {isa = PBXFileReference; lastKnownFileType = sourcecode.swift; path = iOSUnitTests.swift; sourceTree = "<group>"; };
		3AD909B729CFF5D8009AB517 /* macOSUnitTests.xctest */ = {isa = PBXFileReference; explicitFileType = wrapper.cfbundle; includeInIndex = 0; path = macOSUnitTests.xctest; sourceTree = BUILT_PRODUCTS_DIR; };
		3AD909B929CFF5D8009AB517 /* macOSUnitTests.swift */ = {isa = PBXFileReference; lastKnownFileType = sourcecode.swift; path = macOSUnitTests.swift; sourceTree = "<group>"; };
/* End PBXFileReference section */

/* Begin PBXFrameworksBuildPhase section */
		3AD9097E29CFD3DF009AB517 /* Frameworks */ = {
			isa = PBXFrameworksBuildPhase;
			buildActionMask = 2147483647;
			files = (
			);
			runOnlyForDeploymentPostprocessing = 0;
		};
		3AD909A729CFF5C6009AB517 /* Frameworks */ = {
			isa = PBXFrameworksBuildPhase;
			buildActionMask = 2147483647;
			files = (
			);
			runOnlyForDeploymentPostprocessing = 0;
		};
		3AD909B429CFF5D8009AB517 /* Frameworks */ = {
			isa = PBXFrameworksBuildPhase;
			buildActionMask = 2147483647;
			files = (
			);
			runOnlyForDeploymentPostprocessing = 0;
		};
/* End PBXFrameworksBuildPhase section */

/* Begin PBXGroup section */
		3AC9298829CFFF9700B7F387 /* TestPlans */ = {
			isa = PBXGroup;
			children = (
				3AC9298929D0000F00B7F387 /* iOSUnitTest.xctestplan */,
				3AC9298A29D0002000B7F387 /* macOSUnitTest.xctestplan */,
			);
			path = TestPlans;
			sourceTree = "<group>";
		};
		3AD9097829CFD3DF009AB517 = {
			isa = PBXGroup;
			children = (
				3AC9298829CFFF9700B7F387 /* TestPlans */,
				3AD9098329CFD3DF009AB517 /* SampleXcodeCloudTest */,
				3AD909AB29CFF5C6009AB517 /* iOSUnitTests */,
				3AD909B829CFF5D8009AB517 /* macOSUnitTests */,
				3AD9099F29CFE59E009AB517 /* ci_scripts */,
				3AD9098229CFD3DF009AB517 /* Products */,
			);
			sourceTree = "<group>";
		};
		3AD9098229CFD3DF009AB517 /* Products */ = {
			isa = PBXGroup;
			children = (
				3AD9098129CFD3DF009AB517 /* SampleXcodeCloudTest.app */,
				3AD909AA29CFF5C6009AB517 /* iOSUnitTests.xctest */,
				3AD909B729CFF5D8009AB517 /* macOSUnitTests.xctest */,
			);
			name = Products;
			sourceTree = "<group>";
		};
		3AD9098329CFD3DF009AB517 /* SampleXcodeCloudTest */ = {
			isa = PBXGroup;
			children = (
				3AD9098429CFD3DF009AB517 /* SampleXcodeCloudTestApp.swift */,
				3AD9099C29CFD7CD009AB517 /* Shared */,
				3AD9099629CFD677009AB517 /* macOS */,
				3AD9099529CFD670009AB517 /* iOS */,
				3AD9099729CFD68F009AB517 /* Resources */,
				3AD9098B29CFD3E0009AB517 /* Preview Content */,
			);
			path = SampleXcodeCloudTest;
			sourceTree = "<group>";
		};
		3AD9098B29CFD3E0009AB517 /* Preview Content */ = {
			isa = PBXGroup;
			children = (
				3AD9098C29CFD3E0009AB517 /* Preview Assets.xcassets */,
			);
			path = "Preview Content";
			sourceTree = "<group>";
		};
		3AD9099529CFD670009AB517 /* iOS */ = {
			isa = PBXGroup;
			children = (
				3AD9099D29CFD7DE009AB517 /* Features */,
			);
			path = iOS;
			sourceTree = "<group>";
		};
		3AD9099629CFD677009AB517 /* macOS */ = {
			isa = PBXGroup;
			children = (
				3AD9099E29CFD7E2009AB517 /* Features */,
			);
			path = macOS;
			sourceTree = "<group>";
		};
		3AD9099729CFD68F009AB517 /* Resources */ = {
			isa = PBXGroup;
			children = (
				3AC9298B29D00F5100B7F387 /* Info.plist */,
				3AD9098829CFD3E0009AB517 /* Assets.xcassets */,
				3AD9098A29CFD3E0009AB517 /* SampleXcodeCloudTest.entitlements */,
			);
			path = Resources;
			sourceTree = "<group>";
		};
		3AD9099C29CFD7CD009AB517 /* Shared */ = {
			isa = PBXGroup;
			children = (
				3AD9099329CFD5F5009AB517 /* NameListView.swift */,
			);
			path = Shared;
			sourceTree = "<group>";
		};
		3AD9099D29CFD7DE009AB517 /* Features */ = {
			isa = PBXGroup;
			children = (
				3AD9099829CFD6E3009AB517 /* AppTabBarView.swift */,
			);
			path = Features;
			sourceTree = "<group>";
		};
		3AD9099E29CFD7E2009AB517 /* Features */ = {
			isa = PBXGroup;
			children = (
				3AD9099A29CFD6FA009AB517 /* AppSidebarView.swift */,
			);
			path = Features;
			sourceTree = "<group>";
		};
		3AD9099F29CFE59E009AB517 /* ci_scripts */ = {
			isa = PBXGroup;
			children = (
				3AD909A029CFE5D7009AB517 /* ci_post_clone.sh */,
				3AD909A129CFE5E4009AB517 /* ci_pre_xcodebuild.sh */,
				3AD909A229CFE5EC009AB517 /* ci_post_xcodebuild.sh */,
				3AD909A529CFEDC0009AB517 /* Helpers */,
			);
			path = ci_scripts;
			sourceTree = "<group>";
		};
		3AD909A529CFEDC0009AB517 /* Helpers */ = {
			isa = PBXGroup;
			children = (
				3AD909A329CFE950009AB517 /* release_version_bump.sh */,
				3AC9298C29D0A58A00B7F387 /* create_version_bump_pr.sh */,
			);
			path = Helpers;
			sourceTree = "<group>";
		};
		3AD909AB29CFF5C6009AB517 /* iOSUnitTests */ = {
			isa = PBXGroup;
			children = (
				3AD909AC29CFF5C6009AB517 /* iOSUnitTests.swift */,
			);
			path = iOSUnitTests;
			sourceTree = "<group>";
		};
		3AD909B829CFF5D8009AB517 /* macOSUnitTests */ = {
			isa = PBXGroup;
			children = (
				3AD909B929CFF5D8009AB517 /* macOSUnitTests.swift */,
			);
			path = macOSUnitTests;
			sourceTree = "<group>";
		};
/* End PBXGroup section */

/* Begin PBXNativeTarget section */
		3AD9098029CFD3DF009AB517 /* SampleXcodeCloudTest */ = {
			isa = PBXNativeTarget;
			buildConfigurationList = 3AD9099029CFD3E0009AB517 /* Build configuration list for PBXNativeTarget "SampleXcodeCloudTest" */;
			buildPhases = (
				3AD9097D29CFD3DF009AB517 /* Sources */,
				3AD9097E29CFD3DF009AB517 /* Frameworks */,
				3AD9097F29CFD3DF009AB517 /* Resources */,
			);
			buildRules = (
			);
			dependencies = (
			);
			name = SampleXcodeCloudTest;
			productName = SampleXcodeCloudTest;
			productReference = 3AD9098129CFD3DF009AB517 /* SampleXcodeCloudTest.app */;
			productType = "com.apple.product-type.application";
		};
		3AD909A929CFF5C6009AB517 /* iOSUnitTests */ = {
			isa = PBXNativeTarget;
			buildConfigurationList = 3AD909B029CFF5C6009AB517 /* Build configuration list for PBXNativeTarget "iOSUnitTests" */;
			buildPhases = (
				3AD909A629CFF5C6009AB517 /* Sources */,
				3AD909A729CFF5C6009AB517 /* Frameworks */,
				3AD909A829CFF5C6009AB517 /* Resources */,
			);
			buildRules = (
			);
			dependencies = (
				3AD909AF29CFF5C6009AB517 /* PBXTargetDependency */,
			);
			name = iOSUnitTests;
			productName = iOSUnitTests;
			productReference = 3AD909AA29CFF5C6009AB517 /* iOSUnitTests.xctest */;
			productType = "com.apple.product-type.bundle.unit-test";
		};
		3AD909B629CFF5D8009AB517 /* macOSUnitTests */ = {
			isa = PBXNativeTarget;
			buildConfigurationList = 3AD909BD29CFF5D8009AB517 /* Build configuration list for PBXNativeTarget "macOSUnitTests" */;
			buildPhases = (
				3AD909B329CFF5D8009AB517 /* Sources */,
				3AD909B429CFF5D8009AB517 /* Frameworks */,
				3AD909B529CFF5D8009AB517 /* Resources */,
			);
			buildRules = (
			);
			dependencies = (
				3AD909BC29CFF5D8009AB517 /* PBXTargetDependency */,
			);
			name = macOSUnitTests;
			productName = macOSUnitTests;
			productReference = 3AD909B729CFF5D8009AB517 /* macOSUnitTests.xctest */;
			productType = "com.apple.product-type.bundle.unit-test";
		};
/* End PBXNativeTarget section */

/* Begin PBXProject section */
		3AD9097929CFD3DF009AB517 /* Project object */ = {
			isa = PBXProject;
			attributes = {
				BuildIndependentTargetsInParallel = 1;
				LastSwiftUpdateCheck = 1420;
				LastUpgradeCheck = 1420;
				TargetAttributes = {
					3AD9098029CFD3DF009AB517 = {
						CreatedOnToolsVersion = 14.2;
					};
					3AD909A929CFF5C6009AB517 = {
						CreatedOnToolsVersion = 14.2;
						TestTargetID = 3AD9098029CFD3DF009AB517;
					};
					3AD909B629CFF5D8009AB517 = {
						CreatedOnToolsVersion = 14.2;
						TestTargetID = 3AD9098029CFD3DF009AB517;
					};
				};
			};
			buildConfigurationList = 3AD9097C29CFD3DF009AB517 /* Build configuration list for PBXProject "SampleXcodeCloudTest" */;
			compatibilityVersion = "Xcode 14.0";
			developmentRegion = en;
			hasScannedForEncodings = 0;
			knownRegions = (
				en,
				Base,
			);
			mainGroup = 3AD9097829CFD3DF009AB517;
			productRefGroup = 3AD9098229CFD3DF009AB517 /* Products */;
			projectDirPath = "";
			projectRoot = "";
			targets = (
				3AD9098029CFD3DF009AB517 /* SampleXcodeCloudTest */,
				3AD909A929CFF5C6009AB517 /* iOSUnitTests */,
				3AD909B629CFF5D8009AB517 /* macOSUnitTests */,
			);
		};
/* End PBXProject section */

/* Begin PBXResourcesBuildPhase section */
		3AD9097F29CFD3DF009AB517 /* Resources */ = {
			isa = PBXResourcesBuildPhase;
			buildActionMask = 2147483647;
			files = (
				3AD9098D29CFD3E0009AB517 /* Preview Assets.xcassets in Resources */,
				3AD9098929CFD3E0009AB517 /* Assets.xcassets in Resources */,
			);
			runOnlyForDeploymentPostprocessing = 0;
		};
		3AD909A829CFF5C6009AB517 /* Resources */ = {
			isa = PBXResourcesBuildPhase;
			buildActionMask = 2147483647;
			files = (
			);
			runOnlyForDeploymentPostprocessing = 0;
		};
		3AD909B529CFF5D8009AB517 /* Resources */ = {
			isa = PBXResourcesBuildPhase;
			buildActionMask = 2147483647;
			files = (
			);
			runOnlyForDeploymentPostprocessing = 0;
		};
/* End PBXResourcesBuildPhase section */

/* Begin PBXSourcesBuildPhase section */
		3AD9097D29CFD3DF009AB517 /* Sources */ = {
			isa = PBXSourcesBuildPhase;
			buildActionMask = 2147483647;
			files = (
				3AD9099429CFD5F5009AB517 /* NameListView.swift in Sources */,
				3AD9099B29CFD6FA009AB517 /* AppSidebarView.swift in Sources */,
				3AD9099929CFD6E3009AB517 /* AppTabBarView.swift in Sources */,
				3AD9098529CFD3DF009AB517 /* SampleXcodeCloudTestApp.swift in Sources */,
			);
			runOnlyForDeploymentPostprocessing = 0;
		};
		3AD909A629CFF5C6009AB517 /* Sources */ = {
			isa = PBXSourcesBuildPhase;
			buildActionMask = 2147483647;
			files = (
				3AD909AD29CFF5C6009AB517 /* iOSUnitTests.swift in Sources */,
			);
			runOnlyForDeploymentPostprocessing = 0;
		};
		3AD909B329CFF5D8009AB517 /* Sources */ = {
			isa = PBXSourcesBuildPhase;
			buildActionMask = 2147483647;
			files = (
				3AD909BA29CFF5D8009AB517 /* macOSUnitTests.swift in Sources */,
			);
			runOnlyForDeploymentPostprocessing = 0;
		};
/* End PBXSourcesBuildPhase section */

/* Begin PBXTargetDependency section */
		3AD909AF29CFF5C6009AB517 /* PBXTargetDependency */ = {
			isa = PBXTargetDependency;
			target = 3AD9098029CFD3DF009AB517 /* SampleXcodeCloudTest */;
			targetProxy = 3AD909AE29CFF5C6009AB517 /* PBXContainerItemProxy */;
		};
		3AD909BC29CFF5D8009AB517 /* PBXTargetDependency */ = {
			isa = PBXTargetDependency;
			target = 3AD9098029CFD3DF009AB517 /* SampleXcodeCloudTest */;
			targetProxy = 3AD909BB29CFF5D8009AB517 /* PBXContainerItemProxy */;
		};
/* End PBXTargetDependency section */

/* Begin XCBuildConfiguration section */
		3AD9098E29CFD3E0009AB517 /* Debug */ = {
			isa = XCBuildConfiguration;
			buildSettings = {
				ALWAYS_SEARCH_USER_PATHS = NO;
				CLANG_ANALYZER_NONNULL = YES;
				CLANG_ANALYZER_NUMBER_OBJECT_CONVERSION = YES_AGGRESSIVE;
				CLANG_CXX_LANGUAGE_STANDARD = "gnu++20";
				CLANG_ENABLE_MODULES = YES;
				CLANG_ENABLE_OBJC_ARC = YES;
				CLANG_ENABLE_OBJC_WEAK = YES;
				CLANG_WARN_BLOCK_CAPTURE_AUTORELEASING = YES;
				CLANG_WARN_BOOL_CONVERSION = YES;
				CLANG_WARN_COMMA = YES;
				CLANG_WARN_CONSTANT_CONVERSION = YES;
				CLANG_WARN_DEPRECATED_OBJC_IMPLEMENTATIONS = YES;
				CLANG_WARN_DIRECT_OBJC_ISA_USAGE = YES_ERROR;
				CLANG_WARN_DOCUMENTATION_COMMENTS = YES;
				CLANG_WARN_EMPTY_BODY = YES;
				CLANG_WARN_ENUM_CONVERSION = YES;
				CLANG_WARN_INFINITE_RECURSION = YES;
				CLANG_WARN_INT_CONVERSION = YES;
				CLANG_WARN_NON_LITERAL_NULL_CONVERSION = YES;
				CLANG_WARN_OBJC_IMPLICIT_RETAIN_SELF = YES;
				CLANG_WARN_OBJC_LITERAL_CONVERSION = YES;
				CLANG_WARN_OBJC_ROOT_CLASS = YES_ERROR;
				CLANG_WARN_QUOTED_INCLUDE_IN_FRAMEWORK_HEADER = YES;
				CLANG_WARN_RANGE_LOOP_ANALYSIS = YES;
				CLANG_WARN_STRICT_PROTOTYPES = YES;
				CLANG_WARN_SUSPICIOUS_MOVE = YES;
				CLANG_WARN_UNGUARDED_AVAILABILITY = YES_AGGRESSIVE;
				CLANG_WARN_UNREACHABLE_CODE = YES;
				CLANG_WARN__DUPLICATE_METHOD_MATCH = YES;
				COPY_PHASE_STRIP = NO;
				DEBUG_INFORMATION_FORMAT = dwarf;
				ENABLE_STRICT_OBJC_MSGSEND = YES;
				ENABLE_TESTABILITY = YES;
				GCC_C_LANGUAGE_STANDARD = gnu11;
				GCC_DYNAMIC_NO_PIC = NO;
				GCC_NO_COMMON_BLOCKS = YES;
				GCC_OPTIMIZATION_LEVEL = 0;
				GCC_PREPROCESSOR_DEFINITIONS = (
					"DEBUG=1",
					"$(inherited)",
				);
				GCC_WARN_64_TO_32_BIT_CONVERSION = YES;
				GCC_WARN_ABOUT_RETURN_TYPE = YES_ERROR;
				GCC_WARN_UNDECLARED_SELECTOR = YES;
				GCC_WARN_UNINITIALIZED_AUTOS = YES_AGGRESSIVE;
				GCC_WARN_UNUSED_FUNCTION = YES;
				GCC_WARN_UNUSED_VARIABLE = YES;
				MTL_ENABLE_DEBUG_INFO = INCLUDE_SOURCE;
				MTL_FAST_MATH = YES;
				ONLY_ACTIVE_ARCH = YES;
				SWIFT_ACTIVE_COMPILATION_CONDITIONS = DEBUG;
				SWIFT_OPTIMIZATION_LEVEL = "-Onone";
			};
			name = Debug;
		};
		3AD9098F29CFD3E0009AB517 /* Release */ = {
			isa = XCBuildConfiguration;
			buildSettings = {
				ALWAYS_SEARCH_USER_PATHS = NO;
				CLANG_ANALYZER_NONNULL = YES;
				CLANG_ANALYZER_NUMBER_OBJECT_CONVERSION = YES_AGGRESSIVE;
				CLANG_CXX_LANGUAGE_STANDARD = "gnu++20";
				CLANG_ENABLE_MODULES = YES;
				CLANG_ENABLE_OBJC_ARC = YES;
				CLANG_ENABLE_OBJC_WEAK = YES;
				CLANG_WARN_BLOCK_CAPTURE_AUTORELEASING = YES;
				CLANG_WARN_BOOL_CONVERSION = YES;
				CLANG_WARN_COMMA = YES;
				CLANG_WARN_CONSTANT_CONVERSION = YES;
				CLANG_WARN_DEPRECATED_OBJC_IMPLEMENTATIONS = YES;
				CLANG_WARN_DIRECT_OBJC_ISA_USAGE = YES_ERROR;
				CLANG_WARN_DOCUMENTATION_COMMENTS = YES;
				CLANG_WARN_EMPTY_BODY = YES;
				CLANG_WARN_ENUM_CONVERSION = YES;
				CLANG_WARN_INFINITE_RECURSION = YES;
				CLANG_WARN_INT_CONVERSION = YES;
				CLANG_WARN_NON_LITERAL_NULL_CONVERSION = YES;
				CLANG_WARN_OBJC_IMPLICIT_RETAIN_SELF = YES;
				CLANG_WARN_OBJC_LITERAL_CONVERSION = YES;
				CLANG_WARN_OBJC_ROOT_CLASS = YES_ERROR;
				CLANG_WARN_QUOTED_INCLUDE_IN_FRAMEWORK_HEADER = YES;
				CLANG_WARN_RANGE_LOOP_ANALYSIS = YES;
				CLANG_WARN_STRICT_PROTOTYPES = YES;
				CLANG_WARN_SUSPICIOUS_MOVE = YES;
				CLANG_WARN_UNGUARDED_AVAILABILITY = YES_AGGRESSIVE;
				CLANG_WARN_UNREACHABLE_CODE = YES;
				CLANG_WARN__DUPLICATE_METHOD_MATCH = YES;
				COPY_PHASE_STRIP = NO;
				DEBUG_INFORMATION_FORMAT = "dwarf-with-dsym";
				ENABLE_NS_ASSERTIONS = NO;
				ENABLE_STRICT_OBJC_MSGSEND = YES;
				GCC_C_LANGUAGE_STANDARD = gnu11;
				GCC_NO_COMMON_BLOCKS = YES;
				GCC_WARN_64_TO_32_BIT_CONVERSION = YES;
				GCC_WARN_ABOUT_RETURN_TYPE = YES_ERROR;
				GCC_WARN_UNDECLARED_SELECTOR = YES;
				GCC_WARN_UNINITIALIZED_AUTOS = YES_AGGRESSIVE;
				GCC_WARN_UNUSED_FUNCTION = YES;
				GCC_WARN_UNUSED_VARIABLE = YES;
				MTL_ENABLE_DEBUG_INFO = NO;
				MTL_FAST_MATH = YES;
				SWIFT_COMPILATION_MODE = wholemodule;
				SWIFT_OPTIMIZATION_LEVEL = "-O";
			};
			name = Release;
		};
		3AD9099129CFD3E0009AB517 /* Debug */ = {
			isa = XCBuildConfiguration;
			buildSettings = {
				ASSETCATALOG_COMPILER_APPICON_NAME = AppIcon;
				ASSETCATALOG_COMPILER_GLOBAL_ACCENT_COLOR_NAME = AccentColor;
				CODE_SIGN_ENTITLEMENTS = SampleXcodeCloudTest/Resources/SampleXcodeCloudTest.entitlements;
				CODE_SIGN_STYLE = Automatic;
				CURRENT_PROJECT_VERSION = 1;
				DEVELOPMENT_ASSET_PATHS = "\"SampleXcodeCloudTest/Preview Content\"";
				DEVELOPMENT_TEAM = KD674EGM5X;
				ENABLE_HARDENED_RUNTIME = YES;
				ENABLE_PREVIEWS = YES;
				GENERATE_INFOPLIST_FILE = YES;
				INFOPLIST_FILE = SampleXcodeCloudTest/Resources/Info.plist;
				INFOPLIST_KEY_LSApplicationCategoryType = "public.app-category.utilities";
				"INFOPLIST_KEY_UIApplicationSceneManifest_Generation[sdk=iphoneos*]" = YES;
				"INFOPLIST_KEY_UIApplicationSceneManifest_Generation[sdk=iphonesimulator*]" = YES;
				"INFOPLIST_KEY_UIApplicationSupportsIndirectInputEvents[sdk=iphoneos*]" = YES;
				"INFOPLIST_KEY_UIApplicationSupportsIndirectInputEvents[sdk=iphonesimulator*]" = YES;
				"INFOPLIST_KEY_UILaunchScreen_Generation[sdk=iphoneos*]" = YES;
				"INFOPLIST_KEY_UILaunchScreen_Generation[sdk=iphonesimulator*]" = YES;
				"INFOPLIST_KEY_UIStatusBarStyle[sdk=iphoneos*]" = UIStatusBarStyleDefault;
				"INFOPLIST_KEY_UIStatusBarStyle[sdk=iphonesimulator*]" = UIStatusBarStyleDefault;
				INFOPLIST_KEY_UISupportedInterfaceOrientations_iPad = "UIInterfaceOrientationPortrait UIInterfaceOrientationPortraitUpsideDown UIInterfaceOrientationLandscapeLeft UIInterfaceOrientationLandscapeRight";
				INFOPLIST_KEY_UISupportedInterfaceOrientations_iPhone = "UIInterfaceOrientationPortrait UIInterfaceOrientationLandscapeLeft UIInterfaceOrientationLandscapeRight";
				IPHONEOS_DEPLOYMENT_TARGET = 16.0;
				LD_RUNPATH_SEARCH_PATHS = "@executable_path/Frameworks";
				"LD_RUNPATH_SEARCH_PATHS[sdk=macosx*]" = "@executable_path/../Frameworks";
				MACOSX_DEPLOYMENT_TARGET = 13.0;
				MARKETING_VERSION = 1.0;
				PRODUCT_BUNDLE_IDENTIFIER = dev.morluna.SampleXcodeCloudTest;
				PRODUCT_NAME = "$(TARGET_NAME)";
				SDKROOT = auto;
				SUPPORTED_PLATFORMS = "iphoneos iphonesimulator macosx";
				SWIFT_EMIT_LOC_STRINGS = YES;
				SWIFT_VERSION = 5.0;
				TARGETED_DEVICE_FAMILY = "1,2";
			};
			name = Debug;
		};
		3AD9099229CFD3E0009AB517 /* Release */ = {
			isa = XCBuildConfiguration;
			buildSettings = {
				ASSETCATALOG_COMPILER_APPICON_NAME = AppIcon;
				ASSETCATALOG_COMPILER_GLOBAL_ACCENT_COLOR_NAME = AccentColor;
				CODE_SIGN_ENTITLEMENTS = SampleXcodeCloudTest/Resources/SampleXcodeCloudTest.entitlements;
				CODE_SIGN_STYLE = Automatic;
				CURRENT_PROJECT_VERSION = 1;
				DEVELOPMENT_ASSET_PATHS = "\"SampleXcodeCloudTest/Preview Content\"";
				DEVELOPMENT_TEAM = KD674EGM5X;
				ENABLE_HARDENED_RUNTIME = YES;
				ENABLE_PREVIEWS = YES;
				GENERATE_INFOPLIST_FILE = YES;
				INFOPLIST_FILE = SampleXcodeCloudTest/Resources/Info.plist;
				INFOPLIST_KEY_LSApplicationCategoryType = "public.app-category.utilities";
				"INFOPLIST_KEY_UIApplicationSceneManifest_Generation[sdk=iphoneos*]" = YES;
				"INFOPLIST_KEY_UIApplicationSceneManifest_Generation[sdk=iphonesimulator*]" = YES;
				"INFOPLIST_KEY_UIApplicationSupportsIndirectInputEvents[sdk=iphoneos*]" = YES;
				"INFOPLIST_KEY_UIApplicationSupportsIndirectInputEvents[sdk=iphonesimulator*]" = YES;
				"INFOPLIST_KEY_UILaunchScreen_Generation[sdk=iphoneos*]" = YES;
				"INFOPLIST_KEY_UILaunchScreen_Generation[sdk=iphonesimulator*]" = YES;
				"INFOPLIST_KEY_UIStatusBarStyle[sdk=iphoneos*]" = UIStatusBarStyleDefault;
				"INFOPLIST_KEY_UIStatusBarStyle[sdk=iphonesimulator*]" = UIStatusBarStyleDefault;
				INFOPLIST_KEY_UISupportedInterfaceOrientations_iPad = "UIInterfaceOrientationPortrait UIInterfaceOrientationPortraitUpsideDown UIInterfaceOrientationLandscapeLeft UIInterfaceOrientationLandscapeRight";
				INFOPLIST_KEY_UISupportedInterfaceOrientations_iPhone = "UIInterfaceOrientationPortrait UIInterfaceOrientationLandscapeLeft UIInterfaceOrientationLandscapeRight";
				IPHONEOS_DEPLOYMENT_TARGET = 16.0;
				LD_RUNPATH_SEARCH_PATHS = "@executable_path/Frameworks";
				"LD_RUNPATH_SEARCH_PATHS[sdk=macosx*]" = "@executable_path/../Frameworks";
				MACOSX_DEPLOYMENT_TARGET = 13.0;
				MARKETING_VERSION = 1.0;
				PRODUCT_BUNDLE_IDENTIFIER = dev.morluna.SampleXcodeCloudTest;
				PRODUCT_NAME = "$(TARGET_NAME)";
				SDKROOT = auto;
				SUPPORTED_PLATFORMS = "iphoneos iphonesimulator macosx";
				SWIFT_EMIT_LOC_STRINGS = YES;
				SWIFT_VERSION = 5.0;
				TARGETED_DEVICE_FAMILY = "1,2";
			};
			name = Release;
		};
		3AD909B129CFF5C6009AB517 /* Debug */ = {
			isa = XCBuildConfiguration;
			buildSettings = {
				BUNDLE_LOADER = "$(TEST_HOST)";
				CODE_SIGN_STYLE = Automatic;
				CURRENT_PROJECT_VERSION = 1;
				DEVELOPMENT_TEAM = KD674EGM5X;
				GENERATE_INFOPLIST_FILE = YES;
				IPHONEOS_DEPLOYMENT_TARGET = 16.2;
				MARKETING_VERSION = 1.0;
				PRODUCT_BUNDLE_IDENTIFIER = dev.morluna.iOSUnitTests;
				PRODUCT_NAME = "$(TARGET_NAME)";
				SDKROOT = iphoneos;
				SWIFT_EMIT_LOC_STRINGS = NO;
				SWIFT_VERSION = 5.0;
				TARGETED_DEVICE_FAMILY = "1,2";
				TEST_HOST = "$(BUILT_PRODUCTS_DIR)/SampleXcodeCloudTest.app/$(BUNDLE_EXECUTABLE_FOLDER_PATH)/SampleXcodeCloudTest";
			};
			name = Debug;
		};
		3AD909B229CFF5C6009AB517 /* Release */ = {
			isa = XCBuildConfiguration;
			buildSettings = {
				BUNDLE_LOADER = "$(TEST_HOST)";
				CODE_SIGN_STYLE = Automatic;
				CURRENT_PROJECT_VERSION = 1;
				DEVELOPMENT_TEAM = KD674EGM5X;
				GENERATE_INFOPLIST_FILE = YES;
				IPHONEOS_DEPLOYMENT_TARGET = 16.2;
				MARKETING_VERSION = 1.0;
				PRODUCT_BUNDLE_IDENTIFIER = dev.morluna.iOSUnitTests;
				PRODUCT_NAME = "$(TARGET_NAME)";
				SDKROOT = iphoneos;
				SWIFT_EMIT_LOC_STRINGS = NO;
				SWIFT_VERSION = 5.0;
				TARGETED_DEVICE_FAMILY = "1,2";
				TEST_HOST = "$(BUILT_PRODUCTS_DIR)/SampleXcodeCloudTest.app/$(BUNDLE_EXECUTABLE_FOLDER_PATH)/SampleXcodeCloudTest";
				VALIDATE_PRODUCT = YES;
			};
			name = Release;
		};
		3AD909BE29CFF5D8009AB517 /* Debug */ = {
			isa = XCBuildConfiguration;
			buildSettings = {
				BUNDLE_LOADER = "$(TEST_HOST)";
				CODE_SIGN_STYLE = Automatic;
				CURRENT_PROJECT_VERSION = 1;
				DEVELOPMENT_TEAM = KD674EGM5X;
				GENERATE_INFOPLIST_FILE = YES;
				MACOSX_DEPLOYMENT_TARGET = 13.1;
				MARKETING_VERSION = 1.0;
				PRODUCT_BUNDLE_IDENTIFIER = dev.morluna.macOSUnitTests;
				PRODUCT_NAME = "$(TARGET_NAME)";
				SDKROOT = macosx;
				SWIFT_EMIT_LOC_STRINGS = NO;
				SWIFT_VERSION = 5.0;
				TEST_HOST = "$(BUILT_PRODUCTS_DIR)/SampleXcodeCloudTest.app/$(BUNDLE_EXECUTABLE_FOLDER_PATH)/SampleXcodeCloudTest";
			};
			name = Debug;
		};
		3AD909BF29CFF5D8009AB517 /* Release */ = {
			isa = XCBuildConfiguration;
			buildSettings = {
				BUNDLE_LOADER = "$(TEST_HOST)";
				CODE_SIGN_STYLE = Automatic;
				CURRENT_PROJECT_VERSION = 1;
				DEVELOPMENT_TEAM = KD674EGM5X;
				GENERATE_INFOPLIST_FILE = YES;
				MACOSX_DEPLOYMENT_TARGET = 13.1;
				MARKETING_VERSION = 1.0;
				PRODUCT_BUNDLE_IDENTIFIER = dev.morluna.macOSUnitTests;
				PRODUCT_NAME = "$(TARGET_NAME)";
				SDKROOT = macosx;
				SWIFT_EMIT_LOC_STRINGS = NO;
				SWIFT_VERSION = 5.0;
				TEST_HOST = "$(BUILT_PRODUCTS_DIR)/SampleXcodeCloudTest.app/$(BUNDLE_EXECUTABLE_FOLDER_PATH)/SampleXcodeCloudTest";
			};
			name = Release;
		};
/* End XCBuildConfiguration section */

/* Begin XCConfigurationList section */
		3AD9097C29CFD3DF009AB517 /* Build configuration list for PBXProject "SampleXcodeCloudTest" */ = {
			isa = XCConfigurationList;
			buildConfigurations = (
				3AD9098E29CFD3E0009AB517 /* Debug */,
				3AD9098F29CFD3E0009AB517 /* Release */,
			);
			defaultConfigurationIsVisible = 0;
			defaultConfigurationName = Release;
		};
		3AD9099029CFD3E0009AB517 /* Build configuration list for PBXNativeTarget "SampleXcodeCloudTest" */ = {
			isa = XCConfigurationList;
			buildConfigurations = (
				3AD9099129CFD3E0009AB517 /* Debug */,
				3AD9099229CFD3E0009AB517 /* Release */,
			);
			defaultConfigurationIsVisible = 0;
			defaultConfigurationName = Release;
		};
		3AD909B029CFF5C6009AB517 /* Build configuration list for PBXNativeTarget "iOSUnitTests" */ = {
			isa = XCConfigurationList;
			buildConfigurations = (
				3AD909B129CFF5C6009AB517 /* Debug */,
				3AD909B229CFF5C6009AB517 /* Release */,
			);
			defaultConfigurationIsVisible = 0;
			defaultConfigurationName = Release;
		};
		3AD909BD29CFF5D8009AB517 /* Build configuration list for PBXNativeTarget "macOSUnitTests" */ = {
			isa = XCConfigurationList;
			buildConfigurations = (
				3AD909BE29CFF5D8009AB517 /* Debug */,
				3AD909BF29CFF5D8009AB517 /* Release */,
			);
			defaultConfigurationIsVisible = 0;
			defaultConfigurationName = Release;
		};
/* End XCConfigurationList section */
	};
	rootObject = 3AD9097929CFD3DF009AB517 /* Project object */;
}
